<?xml version="1.0" encoding="utf-8"?>
<Project ToolsVersion="4.0" xmlns="http://schemas.microsoft.com/developer/msbuild/2003">
  <ItemGroup>
    <Filter Include="Source Files">
      <UniqueIdentifier>{4FC737F1-C7A5-4376-A066-2A32D752A2FF}</UniqueIdentifier>
      <Extensions>cpp;c;cc;cxx;c++;cppm;ixx;def;odl;idl;hpj;bat;asm;asmx</Extensions>
    </Filter>
    <Filter Include="Header Files">
      <UniqueIdentifier>{93995380-89BD-4b04-88EB-625FBE52EBFB}</UniqueIdentifier>
      <Extensions>h;hh;hpp;hxx;h++;hm;inl;inc;ipp;xsd</Extensions>
    </Filter>
    <Filter Include="Resource Files">
      <UniqueIdentifier>{67DA6AB6-F800-4c08-8B7A-83BB121AAD01}</UniqueIdentifier>
      <Extensions>rc;ico;cur;bmp;dlg;rc2;rct;bin;rgs;gif;jpg;jpeg;jpe;resx;tiff;tif;png;wav;mfcribbon-ms</Extensions>
    </Filter>
  </ItemGroup>
  <ItemGroup>
    <ClCompile Include="expense_tracker.cpp">
      <Filter>Source Files</Filter>
    </ClCompile>
    <ClCompile Include="stdafx.cpp">
      <Filter>Source Files</Filter>
    </ClCompile>
  </ItemGroup>
  <ItemGroup>
    <ClInclude Include="Common\Helpers\date_time_helpers.h">
      <Filter>Header Files</Filter>
    </ClInclude>
    <ClInclude Include="Common\Helpers\hash_helper.h">
      <Filter>Header Files</Filter>
    </ClInclude>
    <ClInclude Include="Common\Helpers\str_helpers.h">
      <Filter>Header Files</Filter>
    </ClInclude>
    <ClInclude Include="Core\Entities\user.h">
      <Filter>Header Files</Filter>
    </ClInclude>
    <ClInclude Include="Core\Entities\transaction.h">
      <Filter>Header Files</Filter>
    </ClInclude>
    <ClInclude Include="stdafx.h">
      <Filter>Header Files</Filter>
    </ClInclude>
    <ClInclude Include="Core\Interfaces\IUserService.h">
      <Filter>Header Files</Filter>
    </ClInclude>
    <ClInclude Include="Core\Models\SignUpUserModel.h">
      <Filter>Header Files</Filter>
    </ClInclude>
    <ClInclude Include="Core\Services\UserService.h">
      <Filter>Header Files</Filter>
    </ClInclude>
    <ClInclude Include="Core\Interfaces\Repositories\IUserRepository.h">
      <Filter>Header Files</Filter>
    </ClInclude>
    <ClInclude Include="Core\Exceptions\ExpenseTrackerException.h">
      <Filter>Header Files</Filter>
    </ClInclude>
    <ClInclude Include="Infrastructure\Managers\ConfigManager.h">
      <Filter>Header Files</Filter>
    </ClInclude>
    <ClInclude Include="Infrastructure\Providers\FileProvider.h">
      <Filter>Header Files</Filter>
    </ClInclude>
    <ClInclude Include="Infrastructure\Consts\Consts.h">
      <Filter>Header Files</Filter>
    </ClInclude>
    <ClInclude Include="Infrastructure\Repositories\File\FileRepositoryBase.h">
      <Filter>Header Files</Filter>
    </ClInclude>
    <ClInclude Include="Core\Entities\EntityBase.h">
      <Filter>Header Files</Filter>
    </ClInclude>
    <ClInclude Include="Infrastructure\Repositories\File\FileUserRepository.h">
      <Filter>Header Files</Filter>
    </ClInclude>
    <ClInclude Include="Infrastructure\Repositories\File\FileTransactionRepository.h">
      <Filter>Header Files</Filter>
    </ClInclude>
    <ClInclude Include="Core\Interfaces\Repositories\ITransactionRepository.h">
      <Filter>Header Files</Filter>
    </ClInclude>
    <ClInclude Include="Core\Interfaces\ITransactionService.h">
      <Filter>Header Files</Filter>
    </ClInclude>
    <ClInclude Include="Tests\UserServiceTests.h">
      <Filter>Header Files</Filter>
    </ClInclude>
    <ClInclude Include="ClientApps\Console\ConsoleManager.h">
      <Filter>Header Files</Filter>
    </ClInclude>
    <ClInclude Include="ClientApps\Console\ICommand.h">
      <Filter>Header Files</Filter>
    </ClInclude>
    <ClInclude Include="ClientApps\Console\Commands\ExitCommand.h">
      <Filter>Header Files</Filter>
    </ClInclude>
    <ClInclude Include="ClientApps\Console\Exceptions\ExitException.h">
      <Filter>Header Files</Filter>
    </ClInclude>
  </ItemGroup>
</Project>